
Microsoft Visual Studio Solution File, Format Version 12.00
# Visual Studio Version 16
VisualStudioVersion = 16.0.30225.117
MinimumVisualStudioVersion = 10.0.40219.1
Project("{FAE04EC0-301F-11D3-BF4B-00C04F79EFBC}") = "VideoClub", "VideoClub\VideoClub.csproj", "{2ECE4E96-6184-4AC9-919C-C9BD1AF63A07}"
EndProject
Global
	GlobalSection(SolutionConfigurationPlatforms) = preSolution
		Debug|Any CPU = Debug|Any CPU
		Release|Any CPU = Release|Any CPU
	EndGlobalSection
	GlobalSection(ProjectConfigurationPlatforms) = postSolution
		{2ECE4E96-6184-4AC9-919C-C9BD1AF63A07}.Debug|Any CPU.ActiveCfg = Debug|Any CPU
		{2ECE4E96-6184-4AC9-919C-C9BD1AF63A07}.Debug|Any CPU.Build.0 = Debug|Any CPU
		{2ECE4E96-6184-4AC9-919C-C9BD1AF63A07}.Release|Any CPU.ActiveCfg = Release|Any CPU
		{2ECE4E96-6184-4AC9-919C-C9BD1AF63A07}.Release|Any CPU.Build.0 = Release|Any CPU
	EndGlobalSection
	GlobalSection(SolutionProperties) = preSolution
		HideSolutionNode = FALSE
	EndGlobalSection
	GlobalSection(ExtensibilityGlobals) = postSolution
		SolutionGuid = {BD442BBB-05B0-486C-A793-B740AC52FA71}
	EndGlobalSection
EndGlobal
